
Microsoft Visual Studio Solution File, Format Version 12.00
# Visual Studio Version 17
VisualStudioVersion = 17.4.33103.184
MinimumVisualStudioVersion = 10.0.40219.1
Project("{9A19103F-16F7-4668-BE54-9A1E7A4F7556}") = "AdventureGame", "AdventureGame.csproj", "{8AB58D85-91F2-4266-B248-AF58ECD090E8}"
EndProject
Global
	GlobalSection(SolutionConfigurationPlatforms) = preSolution
		Debug|Any CPU = Debug|Any CPU
		Release|Any CPU = Release|Any CPU
	EndGlobalSection
	GlobalSection(ProjectConfigurationPlatforms) = postSolution
		{8AB58D85-91F2-4266-B248-AF58ECD090E8}.Debug|Any CPU.ActiveCfg = Debug|Any CPU
		{8AB58D85-91F2-4266-B248-AF58ECD090E8}.Debug|Any CPU.Build.0 = Debug|Any CPU
		{8AB58D85-91F2-4266-B248-AF58ECD090E8}.Release|Any CPU.ActiveCfg = Release|Any CPU
		{8AB58D85-91F2-4266-B248-AF58ECD090E8}.Release|Any CPU.Build.0 = Release|Any CPU
	EndGlobalSection
	GlobalSection(SolutionProperties) = preSolution
		HideSolutionNode = FALSE
	EndGlobalSection
	GlobalSection(ExtensibilityGlobals) = postSolution
		SolutionGuid = {BA4392B0-BC17-4151-A637-8C7C103C5C3F}
	EndGlobalSection
EndGlobal
